
Microsoft Visual Studio Solution File, Format Version 12.00
# Visual Studio Version 16
VisualStudioVersion = 16.0.30002.166
MinimumVisualStudioVersion = 10.0.40219.1
Project("{FAE04EC0-301F-11D3-BF4B-00C04F79EFBC}") = "FancyFrameApp.UWP", "FancyFrameApp.UWP\FancyFrameApp.UWP.csproj", "{A0E834C3-A8A7-46FD-A28C-FBD0F0DD92A5}"
EndProject
Project("{FAE04EC0-301F-11D3-BF4B-00C04F79EFBC}") = "FancyFrameApp.Android", "FancyFrameApp.Android\FancyFrameApp.Android.csproj", "{6731016B-5D7B-4BCD-BF21-83A77729D344}"
EndProject
Project("{FAE04EC0-301F-11D3-BF4B-00C04F79EFBC}") = "FancyFrameApp.iOS", "FancyFrameApp.iOS\FancyFrameApp.iOS.csproj", "{CC997186-0507-4DAF-A2B7-6B45E8D4336E}"
EndProject
Project("{9A19103F-16F7-4668-BE54-9A1E7A4F7556}") = "FancyFrameApp", "FancyFrameApp\FancyFrameApp.csproj", "{3079CFBA-C603-4AFF-A086-6C87B9C4F711}"
EndProject
Project("{FAE04EC0-301F-11D3-BF4B-00C04F79EFBC}") = "FancyFrameApp.WPF", "FancyFrameApp.WPF\FancyFrameApp.WPF.csproj", "{39FDA108-41E8-447B-9E81-AFE1D94DF4FE}"
EndProject
Project("{FAE04EC0-301F-11D3-BF4B-00C04F79EFBC}") = "FancyFrameApp.GTK", "FancyFrameApp.GTK\FancyFrameApp.GTK.csproj", "{B111FB23-F1AE-43CB-80EF-F7F9E79297A7}"
EndProject
Project("{FAE04EC0-301F-11D3-BF4B-00C04F79EFBC}") = "FancyFrameApp.Tizen", "FancyFrameApp.Tizen\FancyFrameApp.Tizen\FancyFrameApp.Tizen.csproj", "{08FE19CA-3871-49DE-944D-86F284F00636}"
EndProject
Global
	GlobalSection(SolutionConfigurationPlatforms) = preSolution
		Debug|Any CPU = Debug|Any CPU
		Debug|ARM = Debug|ARM
		Debug|iPhone = Debug|iPhone
		Debug|iPhoneSimulator = Debug|iPhoneSimulator
		Debug|x64 = Debug|x64
		Debug|x86 = Debug|x86
		Release|Any CPU = Release|Any CPU
		Release|ARM = Release|ARM
		Release|iPhone = Release|iPhone
		Release|iPhoneSimulator = Release|iPhoneSimulator
		Release|x64 = Release|x64
		Release|x86 = Release|x86
	EndGlobalSection
	GlobalSection(ProjectConfigurationPlatforms) = postSolution
		{A0E834C3-A8A7-46FD-A28C-FBD0F0DD92A5}.Debug|Any CPU.ActiveCfg = Debug|x86
		{A0E834C3-A8A7-46FD-A28C-FBD0F0DD92A5}.Debug|Any CPU.Build.0 = Debug|x86
		{A0E834C3-A8A7-46FD-A28C-FBD0F0DD92A5}.Debug|Any CPU.Deploy.0 = Debug|x86
		{A0E834C3-A8A7-46FD-A28C-FBD0F0DD92A5}.Debug|ARM.ActiveCfg = Debug|ARM
		{A0E834C3-A8A7-46FD-A28C-FBD0F0DD92A5}.Debug|ARM.Build.0 = Debug|ARM
		{A0E834C3-A8A7-46FD-A28C-FBD0F0DD92A5}.Debug|ARM.Deploy.0 = Debug|ARM
		{A0E834C3-A8A7-46FD-A28C-FBD0F0DD92A5}.Debug|iPhone.ActiveCfg = Debug|x86
		{A0E834C3-A8A7-46FD-A28C-FBD0F0DD92A5}.Debug|iPhone.Build.0 = Debug|x86
		{A0E834C3-A8A7-46FD-A28C-FBD0F0DD92A5}.Debug|iPhone.Deploy.0 = Debug|x86
		{A0E834C3-A8A7-46FD-A28C-FBD0F0DD92A5}.Debug|iPhoneSimulator.ActiveCfg = Debug|x86
		{A0E834C3-A8A7-46FD-A28C-FBD0F0DD92A5}.Debug|iPhoneSimulator.Build.0 = Debug|x86
		{A0E834C3-A8A7-46FD-A28C-FBD0F0DD92A5}.Debug|iPhoneSimulator.Deploy.0 = Debug|x86
		{A0E834C3-A8A7-46FD-A28C-FBD0F0DD92A5}.Debug|x64.ActiveCfg = Debug|x64
		{A0E834C3-A8A7-46FD-A28C-FBD0F0DD92A5}.Debug|x64.Build.0 = Debug|x64
		{A0E834C3-A8A7-46FD-A28C-FBD0F0DD92A5}.Debug|x64.Deploy.0 = Debug|x64
		{A0E834C3-A8A7-46FD-A28C-FBD0F0DD92A5}.Debug|x86.ActiveCfg = Debug|x86
		{A0E834C3-A8A7-46FD-A28C-FBD0F0DD92A5}.Debug|x86.Build.0 = Debug|x86
		{A0E834C3-A8A7-46FD-A28C-FBD0F0DD92A5}.Debug|x86.Deploy.0 = Debug|x86
		{A0E834C3-A8A7-46FD-A28C-FBD0F0DD92A5}.Release|Any CPU.ActiveCfg = Release|x86
		{A0E834C3-A8A7-46FD-A28C-FBD0F0DD92A5}.Release|Any CPU.Build.0 = Release|x86
		{A0E834C3-A8A7-46FD-A28C-FBD0F0DD92A5}.Release|Any CPU.Deploy.0 = Release|x86
		{A0E834C3-A8A7-46FD-A28C-FBD0F0DD92A5}.Release|ARM.ActiveCfg = Release|ARM
		{A0E834C3-A8A7-46FD-A28C-FBD0F0DD92A5}.Release|ARM.Build.0 = Release|ARM
		{A0E834C3-A8A7-46FD-A28C-FBD0F0DD92A5}.Release|ARM.Deploy.0 = Release|ARM
		{A0E834C3-A8A7-46FD-A28C-FBD0F0DD92A5}.Release|iPhone.ActiveCfg = Release|x86
		{A0E834C3-A8A7-46FD-A28C-FBD0F0DD92A5}.Release|iPhone.Build.0 = Release|x86
		{A0E834C3-A8A7-46FD-A28C-FBD0F0DD92A5}.Release|iPhone.Deploy.0 = Release|x86
		{A0E834C3-A8A7-46FD-A28C-FBD0F0DD92A5}.Release|iPhoneSimulator.ActiveCfg = Release|x86
		{A0E834C3-A8A7-46FD-A28C-FBD0F0DD92A5}.Release|iPhoneSimulator.Build.0 = Release|x86
		{A0E834C3-A8A7-46FD-A28C-FBD0F0DD92A5}.Release|iPhoneSimulator.Deploy.0 = Release|x86
		{A0E834C3-A8A7-46FD-A28C-FBD0F0DD92A5}.Release|x64.ActiveCfg = Release|x64
		{A0E834C3-A8A7-46FD-A28C-FBD0F0DD92A5}.Release|x64.Build.0 = Release|x64
		{A0E834C3-A8A7-46FD-A28C-FBD0F0DD92A5}.Release|x64.Deploy.0 = Release|x64
		{A0E834C3-A8A7-46FD-A28C-FBD0F0DD92A5}.Release|x86.ActiveCfg = Release|x86
		{A0E834C3-A8A7-46FD-A28C-FBD0F0DD92A5}.Release|x86.Build.0 = Release|x86
		{A0E834C3-A8A7-46FD-A28C-FBD0F0DD92A5}.Release|x86.Deploy.0 = Release|x86
		{6731016B-5D7B-4BCD-BF21-83A77729D344}.Debug|Any CPU.ActiveCfg = Debug|Any CPU
		{6731016B-5D7B-4BCD-BF21-83A77729D344}.Debug|Any CPU.Build.0 = Debug|Any CPU
		{6731016B-5D7B-4BCD-BF21-83A77729D344}.Debug|Any CPU.Deploy.0 = Debug|Any CPU
		{6731016B-5D7B-4BCD-BF21-83A77729D344}.Debug|ARM.ActiveCfg = Debug|Any CPU
		{6731016B-5D7B-4BCD-BF21-83A77729D344}.Debug|ARM.Build.0 = Debug|Any CPU
		{6731016B-5D7B-4BCD-BF21-83A77729D344}.Debug|ARM.Deploy.0 = Debug|Any CPU
		{6731016B-5D7B-4BCD-BF21-83A77729D344}.Debug|iPhone.ActiveCfg = Debug|Any CPU
		{6731016B-5D7B-4BCD-BF21-83A77729D344}.Debug|iPhone.Build.0 = Debug|Any CPU
		{6731016B-5D7B-4BCD-BF21-83A77729D344}.Debug|iPhone.Deploy.0 = Debug|Any CPU
		{6731016B-5D7B-4BCD-BF21-83A77729D344}.Debug|iPhoneSimulator.ActiveCfg = Debug|Any CPU
		{6731016B-5D7B-4BCD-BF21-83A77729D344}.Debug|iPhoneSimulator.Build.0 = Debug|Any CPU
		{6731016B-5D7B-4BCD-BF21-83A77729D344}.Debug|iPhoneSimulator.Deploy.0 = Debug|Any CPU
		{6731016B-5D7B-4BCD-BF21-83A77729D344}.Debug|x64.ActiveCfg = Debug|Any CPU
		{6731016B-5D7B-4BCD-BF21-83A77729D344}.Debug|x64.Build.0 = Debug|Any CPU
		{6731016B-5D7B-4BCD-BF21-83A77729D344}.Debug|x64.Deploy.0 = Debug|Any CPU
		{6731016B-5D7B-4BCD-BF21-83A77729D344}.Debug|x86.ActiveCfg = Debug|Any CPU
		{6731016B-5D7B-4BCD-BF21-83A77729D344}.Debug|x86.Build.0 = Debug|Any CPU
		{6731016B-5D7B-4BCD-BF21-83A77729D344}.Debug|x86.Deploy.0 = Debug|Any CPU
		{6731016B-5D7B-4BCD-BF21-83A77729D344}.Release|Any CPU.ActiveCfg = Release|Any CPU
		{6731016B-5D7B-4BCD-BF21-83A77729D344}.Release|Any CPU.Build.0 = Release|Any CPU
		{6731016B-5D7B-4BCD-BF21-83A77729D344}.Release|Any CPU.Deploy.0 = Release|Any CPU
		{6731016B-5D7B-4BCD-BF21-83A77729D344}.Release|ARM.ActiveCfg = Release|Any CPU
		{6731016B-5D7B-4BCD-BF21-83A77729D344}.Release|ARM.Build.0 = Release|Any CPU
		{6731016B-5D7B-4BCD-BF21-83A77729D344}.Release|ARM.Deploy.0 = Release|Any CPU
		{6731016B-5D7B-4BCD-BF21-83A77729D344}.Release|iPhone.ActiveCfg = Release|Any CPU
		{6731016B-5D7B-4BCD-BF21-83A77729D344}.Release|iPhone.Build.0 = Release|Any CPU
		{6731016B-5D7B-4BCD-BF21-83A77729D344}.Release|iPhone.Deploy.0 = Release|Any CPU
		{6731016B-5D7B-4BCD-BF21-83A77729D344}.Release|iPhoneSimulator.ActiveCfg = Release|Any CPU
		{6731016B-5D7B-4BCD-BF21-83A77729D344}.Release|iPhoneSimulator.Build.0 = Release|Any CPU
		{6731016B-5D7B-4BCD-BF21-83A77729D344}.Release|iPhoneSimulator.Deploy.0 = Release|Any CPU
		{6731016B-5D7B-4BCD-BF21-83A77729D344}.Release|x64.ActiveCfg = Release|Any CPU
		{6731016B-5D7B-4BCD-BF21-83A77729D344}.Release|x64.Build.0 = Release|Any CPU
		{6731016B-5D7B-4BCD-BF21-83A77729D344}.Release|x64.Deploy.0 = Release|Any CPU
		{6731016B-5D7B-4BCD-BF21-83A77729D344}.Release|x86.ActiveCfg = Release|Any CPU
		{6731016B-5D7B-4BCD-BF21-83A77729D344}.Release|x86.Build.0 = Release|Any CPU
		{6731016B-5D7B-4BCD-BF21-83A77729D344}.Release|x86.Deploy.0 = Release|Any CPU
		{CC997186-0507-4DAF-A2B7-6B45E8D4336E}.Debug|Any CPU.ActiveCfg = Debug|iPhone
		{CC997186-0507-4DAF-A2B7-6B45E8D4336E}.Debug|Any CPU.Build.0 = Debug|iPhone
		{CC997186-0507-4DAF-A2B7-6B45E8D4336E}.Debug|Any CPU.Deploy.0 = Debug|iPhone
		{CC997186-0507-4DAF-A2B7-6B45E8D4336E}.Debug|ARM.ActiveCfg = Debug|iPhone
		{CC997186-0507-4DAF-A2B7-6B45E8D4336E}.Debug|ARM.Build.0 = Debug|iPhone
		{CC997186-0507-4DAF-A2B7-6B45E8D4336E}.Debug|ARM.Deploy.0 = Debug|iPhone
		{CC997186-0507-4DAF-A2B7-6B45E8D4336E}.Debug|iPhone.ActiveCfg = Debug|iPhone
		{CC997186-0507-4DAF-A2B7-6B45E8D4336E}.Debug|iPhone.Build.0 = Debug|iPhone
		{CC997186-0507-4DAF-A2B7-6B45E8D4336E}.Debug|iPhone.Deploy.0 = Debug|iPhone
		{CC997186-0507-4DAF-A2B7-6B45E8D4336E}.Debug|iPhoneSimulator.ActiveCfg = Debug|iPhoneSimulator
		{CC997186-0507-4DAF-A2B7-6B45E8D4336E}.Debug|iPhoneSimulator.Build.0 = Debug|iPhoneSimulator
		{CC997186-0507-4DAF-A2B7-6B45E8D4336E}.Debug|iPhoneSimulator.Deploy.0 = Debug|iPhoneSimulator
		{CC997186-0507-4DAF-A2B7-6B45E8D4336E}.Debug|x64.ActiveCfg = Debug|iPhone
		{CC997186-0507-4DAF-A2B7-6B45E8D4336E}.Debug|x64.Build.0 = Debug|iPhone
		{CC997186-0507-4DAF-A2B7-6B45E8D4336E}.Debug|x64.Deploy.0 = Debug|iPhone
		{CC997186-0507-4DAF-A2B7-6B45E8D4336E}.Debug|x86.ActiveCfg = Debug|iPhone
		{CC997186-0507-4DAF-A2B7-6B45E8D4336E}.Debug|x86.Build.0 = Debug|iPhone
		{CC997186-0507-4DAF-A2B7-6B45E8D4336E}.Debug|x86.Deploy.0 = Debug|iPhone
		{CC997186-0507-4DAF-A2B7-6B45E8D4336E}.Release|Any CPU.ActiveCfg = Release|iPhone
		{CC997186-0507-4DAF-A2B7-6B45E8D4336E}.Release|Any CPU.Build.0 = Release|iPhone
		{CC997186-0507-4DAF-A2B7-6B45E8D4336E}.Release|Any CPU.Deploy.0 = Release|iPhone
		{CC997186-0507-4DAF-A2B7-6B45E8D4336E}.Release|ARM.ActiveCfg = Release|iPhone
		{CC997186-0507-4DAF-A2B7-6B45E8D4336E}.Release|ARM.Build.0 = Release|iPhone
		{CC997186-0507-4DAF-A2B7-6B45E8D4336E}.Release|ARM.Deploy.0 = Release|iPhone
		{CC997186-0507-4DAF-A2B7-6B45E8D4336E}.Release|iPhone.ActiveCfg = Release|iPhone
		{CC997186-0507-4DAF-A2B7-6B45E8D4336E}.Release|iPhone.Build.0 = Release|iPhone
		{CC997186-0507-4DAF-A2B7-6B45E8D4336E}.Release|iPhone.Deploy.0 = Release|iPhone
		{CC997186-0507-4DAF-A2B7-6B45E8D4336E}.Release|iPhoneSimulator.ActiveCfg = Release|iPhoneSimulator
		{CC997186-0507-4DAF-A2B7-6B45E8D4336E}.Release|iPhoneSimulator.Build.0 = Release|iPhoneSimulator
		{CC997186-0507-4DAF-A2B7-6B45E8D4336E}.Release|iPhoneSimulator.Deploy.0 = Release|iPhoneSimulator
		{CC997186-0507-4DAF-A2B7-6B45E8D4336E}.Release|x64.ActiveCfg = Release|iPhone
		{CC997186-0507-4DAF-A2B7-6B45E8D4336E}.Release|x64.Build.0 = Release|iPhone
		{CC997186-0507-4DAF-A2B7-6B45E8D4336E}.Release|x64.Deploy.0 = Release|iPhone
		{CC997186-0507-4DAF-A2B7-6B45E8D4336E}.Release|x86.ActiveCfg = Release|iPhone
		{CC997186-0507-4DAF-A2B7-6B45E8D4336E}.Release|x86.Build.0 = Release|iPhone
		{CC997186-0507-4DAF-A2B7-6B45E8D4336E}.Release|x86.Deploy.0 = Release|iPhone
		{3079CFBA-C603-4AFF-A086-6C87B9C4F711}.Debug|Any CPU.ActiveCfg = Debug|Any CPU
		{3079CFBA-C603-4AFF-A086-6C87B9C4F711}.Debug|Any CPU.Build.0 = Debug|Any CPU
		{3079CFBA-C603-4AFF-A086-6C87B9C4F711}.Debug|Any CPU.Deploy.0 = Debug|Any CPU
		{3079CFBA-C603-4AFF-A086-6C87B9C4F711}.Debug|ARM.ActiveCfg = Debug|Any CPU
		{3079CFBA-C603-4AFF-A086-6C87B9C4F711}.Debug|ARM.Build.0 = Debug|Any CPU
		{3079CFBA-C603-4AFF-A086-6C87B9C4F711}.Debug|ARM.Deploy.0 = Debug|Any CPU
		{3079CFBA-C603-4AFF-A086-6C87B9C4F711}.Debug|iPhone.ActiveCfg = Debug|Any CPU
		{3079CFBA-C603-4AFF-A086-6C87B9C4F711}.Debug|iPhone.Build.0 = Debug|Any CPU
		{3079CFBA-C603-4AFF-A086-6C87B9C4F711}.Debug|iPhone.Deploy.0 = Debug|Any CPU
		{3079CFBA-C603-4AFF-A086-6C87B9C4F711}.Debug|iPhoneSimulator.ActiveCfg = Debug|Any CPU
		{3079CFBA-C603-4AFF-A086-6C87B9C4F711}.Debug|iPhoneSimulator.Build.0 = Debug|Any CPU
		{3079CFBA-C603-4AFF-A086-6C87B9C4F711}.Debug|iPhoneSimulator.Deploy.0 = Debug|Any CPU
		{3079CFBA-C603-4AFF-A086-6C87B9C4F711}.Debug|x64.ActiveCfg = Debug|Any CPU
		{3079CFBA-C603-4AFF-A086-6C87B9C4F711}.Debug|x64.Build.0 = Debug|Any CPU
		{3079CFBA-C603-4AFF-A086-6C87B9C4F711}.Debug|x64.Deploy.0 = Debug|Any CPU
		{3079CFBA-C603-4AFF-A086-6C87B9C4F711}.Debug|x86.ActiveCfg = Debug|Any CPU
		{3079CFBA-C603-4AFF-A086-6C87B9C4F711}.Debug|x86.Build.0 = Debug|Any CPU
		{3079CFBA-C603-4AFF-A086-6C87B9C4F711}.Debug|x86.Deploy.0 = Debug|Any CPU
		{3079CFBA-C603-4AFF-A086-6C87B9C4F711}.Release|Any CPU.ActiveCfg = Release|Any CPU
		{3079CFBA-C603-4AFF-A086-6C87B9C4F711}.Release|Any CPU.Build.0 = Release|Any CPU
		{3079CFBA-C603-4AFF-A086-6C87B9C4F711}.Release|Any CPU.Deploy.0 = Release|Any CPU
		{3079CFBA-C603-4AFF-A086-6C87B9C4F711}.Release|ARM.ActiveCfg = Release|Any CPU
		{3079CFBA-C603-4AFF-A086-6C87B9C4F711}.Release|ARM.Build.0 = Release|Any CPU
		{3079CFBA-C603-4AFF-A086-6C87B9C4F711}.Release|ARM.Deploy.0 = Release|Any CPU
		{3079CFBA-C603-4AFF-A086-6C87B9C4F711}.Release|iPhone.ActiveCfg = Release|Any CPU
		{3079CFBA-C603-4AFF-A086-6C87B9C4F711}.Release|iPhone.Build.0 = Release|Any CPU
		{3079CFBA-C603-4AFF-A086-6C87B9C4F711}.Release|iPhone.Deploy.0 = Release|Any CPU
		{3079CFBA-C603-4AFF-A086-6C87B9C4F711}.Release|iPhoneSimulator.ActiveCfg = Release|Any CPU
		{3079CFBA-C603-4AFF-A086-6C87B9C4F711}.Release|iPhoneSimulator.Build.0 = Release|Any CPU
		{3079CFBA-C603-4AFF-A086-6C87B9C4F711}.Release|iPhoneSimulator.Deploy.0 = Release|Any CPU
		{3079CFBA-C603-4AFF-A086-6C87B9C4F711}.Release|x64.ActiveCfg = Release|Any CPU
		{3079CFBA-C603-4AFF-A086-6C87B9C4F711}.Release|x64.Build.0 = Release|Any CPU
		{3079CFBA-C603-4AFF-A086-6C87B9C4F711}.Release|x64.Deploy.0 = Release|Any CPU
		{3079CFBA-C603-4AFF-A086-6C87B9C4F711}.Release|x86.ActiveCfg = Release|Any CPU
		{3079CFBA-C603-4AFF-A086-6C87B9C4F711}.Release|x86.Build.0 = Release|Any CPU
		{3079CFBA-C603-4AFF-A086-6C87B9C4F711}.Release|x86.Deploy.0 = Release|Any CPU
		{39FDA108-41E8-447B-9E81-AFE1D94DF4FE}.Debug|Any CPU.ActiveCfg = Debug|Any CPU
		{39FDA108-41E8-447B-9E81-AFE1D94DF4FE}.Debug|Any CPU.Build.0 = Debug|Any CPU
		{39FDA108-41E8-447B-9E81-AFE1D94DF4FE}.Debug|ARM.ActiveCfg = Debug|Any CPU
		{39FDA108-41E8-447B-9E81-AFE1D94DF4FE}.Debug|ARM.Build.0 = Debug|Any CPU
		{39FDA108-41E8-447B-9E81-AFE1D94DF4FE}.Debug|iPhone.ActiveCfg = Debug|Any CPU
		{39FDA108-41E8-447B-9E81-AFE1D94DF4FE}.Debug|iPhone.Build.0 = Debug|Any CPU
		{39FDA108-41E8-447B-9E81-AFE1D94DF4FE}.Debug|iPhoneSimulator.ActiveCfg = Debug|Any CPU
		{39FDA108-41E8-447B-9E81-AFE1D94DF4FE}.Debug|iPhoneSimulator.Build.0 = Debug|Any CPU
		{39FDA108-41E8-447B-9E81-AFE1D94DF4FE}.Debug|x64.ActiveCfg = Debug|Any CPU
		{39FDA108-41E8-447B-9E81-AFE1D94DF4FE}.Debug|x64.Build.0 = Debug|Any CPU
		{39FDA108-41E8-447B-9E81-AFE1D94DF4FE}.Debug|x86.ActiveCfg = Debug|Any CPU
		{39FDA108-41E8-447B-9E81-AFE1D94DF4FE}.Debug|x86.Build.0 = Debug|Any CPU
		{39FDA108-41E8-447B-9E81-AFE1D94DF4FE}.Release|Any CPU.ActiveCfg = Release|Any CPU
		{39FDA108-41E8-447B-9E81-AFE1D94DF4FE}.Release|Any CPU.Build.0 = Release|Any CPU
		{39FDA108-41E8-447B-9E81-AFE1D94DF4FE}.Release|ARM.ActiveCfg = Release|Any CPU
		{39FDA108-41E8-447B-9E81-AFE1D94DF4FE}.Release|ARM.Build.0 = Release|Any CPU
		{39FDA108-41E8-447B-9E81-AFE1D94DF4FE}.Release|iPhone.ActiveCfg = Release|Any CPU
		{39FDA108-41E8-447B-9E81-AFE1D94DF4FE}.Release|iPhone.Build.0 = Release|Any CPU
		{39FDA108-41E8-447B-9E81-AFE1D94DF4FE}.Release|iPhoneSimulator.ActiveCfg = Release|Any CPU
		{39FDA108-41E8-447B-9E81-AFE1D94DF4FE}.Release|iPhoneSimulator.Build.0 = Release|Any CPU
		{39FDA108-41E8-447B-9E81-AFE1D94DF4FE}.Release|x64.ActiveCfg = Release|Any CPU
		{39FDA108-41E8-447B-9E81-AFE1D94DF4FE}.Release|x64.Build.0 = Release|Any CPU
		{39FDA108-41E8-447B-9E81-AFE1D94DF4FE}.Release|x86.ActiveCfg = Release|Any CPU
		{39FDA108-41E8-447B-9E81-AFE1D94DF4FE}.Release|x86.Build.0 = Release|Any CPU
		{B111FB23-F1AE-43CB-80EF-F7F9E79297A7}.Debug|Any CPU.ActiveCfg = Debug|Any CPU
		{B111FB23-F1AE-43CB-80EF-F7F9E79297A7}.Debug|Any CPU.Build.0 = Debug|Any CPU
		{B111FB23-F1AE-43CB-80EF-F7F9E79297A7}.Debug|ARM.ActiveCfg = Debug|Any CPU
		{B111FB23-F1AE-43CB-80EF-F7F9E79297A7}.Debug|ARM.Build.0 = Debug|Any CPU
		{B111FB23-F1AE-43CB-80EF-F7F9E79297A7}.Debug|iPhone.ActiveCfg = Debug|Any CPU
		{B111FB23-F1AE-43CB-80EF-F7F9E79297A7}.Debug|iPhone.Build.0 = Debug|Any CPU
		{B111FB23-F1AE-43CB-80EF-F7F9E79297A7}.Debug|iPhoneSimulator.ActiveCfg = Debug|Any CPU
		{B111FB23-F1AE-43CB-80EF-F7F9E79297A7}.Debug|iPhoneSimulator.Build.0 = Debug|Any CPU
		{B111FB23-F1AE-43CB-80EF-F7F9E79297A7}.Debug|x64.ActiveCfg = Debug|Any CPU
		{B111FB23-F1AE-43CB-80EF-F7F9E79297A7}.Debug|x64.Build.0 = Debug|Any CPU
		{B111FB23-F1AE-43CB-80EF-F7F9E79297A7}.Debug|x86.ActiveCfg = Debug|Any CPU
		{B111FB23-F1AE-43CB-80EF-F7F9E79297A7}.Debug|x86.Build.0 = Debug|Any CPU
		{B111FB23-F1AE-43CB-80EF-F7F9E79297A7}.Release|Any CPU.ActiveCfg = Release|Any CPU
		{B111FB23-F1AE-43CB-80EF-F7F9E79297A7}.Release|Any CPU.Build.0 = Release|Any CPU
		{B111FB23-F1AE-43CB-80EF-F7F9E79297A7}.Release|ARM.ActiveCfg = Release|Any CPU
		{B111FB23-F1AE-43CB-80EF-F7F9E79297A7}.Release|ARM.Build.0 = Release|Any CPU
		{B111FB23-F1AE-43CB-80EF-F7F9E79297A7}.Release|iPhone.ActiveCfg = Release|Any CPU
		{B111FB23-F1AE-43CB-80EF-F7F9E79297A7}.Release|iPhone.Build.0 = Release|Any CPU
		{B111FB23-F1AE-43CB-80EF-F7F9E79297A7}.Release|iPhoneSimulator.ActiveCfg = Release|Any CPU
		{B111FB23-F1AE-43CB-80EF-F7F9E79297A7}.Release|iPhoneSimulator.Build.0 = Release|Any CPU
		{B111FB23-F1AE-43CB-80EF-F7F9E79297A7}.Release|x64.ActiveCfg = Release|Any CPU
		{B111FB23-F1AE-43CB-80EF-F7F9E79297A7}.Release|x64.Build.0 = Release|Any CPU
		{B111FB23-F1AE-43CB-80EF-F7F9E79297A7}.Release|x86.ActiveCfg = Release|Any CPU
		{B111FB23-F1AE-43CB-80EF-F7F9E79297A7}.Release|x86.Build.0 = Release|Any CPU
		{08FE19CA-3871-49DE-944D-86F284F00636}.Debug|Any CPU.ActiveCfg = Debug|Any CPU
		{08FE19CA-3871-49DE-944D-86F284F00636}.Debug|Any CPU.Build.0 = Debug|Any CPU
		{08FE19CA-3871-49DE-944D-86F284F00636}.Debug|ARM.ActiveCfg = Debug|Any CPU
		{08FE19CA-3871-49DE-944D-86F284F00636}.Debug|ARM.Build.0 = Debug|Any CPU
		{08FE19CA-3871-49DE-944D-86F284F00636}.Debug|iPhone.ActiveCfg = Debug|Any CPU
		{08FE19CA-3871-49DE-944D-86F284F00636}.Debug|iPhone.Build.0 = Debug|Any CPU
		{08FE19CA-3871-49DE-944D-86F284F00636}.Debug|iPhoneSimulator.ActiveCfg = Debug|Any CPU
		{08FE19CA-3871-49DE-944D-86F284F00636}.Debug|iPhoneSimulator.Build.0 = Debug|Any CPU
		{08FE19CA-3871-49DE-944D-86F284F00636}.Debug|x64.ActiveCfg = Debug|Any CPU
		{08FE19CA-3871-49DE-944D-86F284F00636}.Debug|x64.Build.0 = Debug|Any CPU
		{08FE19CA-3871-49DE-944D-86F284F00636}.Debug|x86.ActiveCfg = Debug|Any CPU
		{08FE19CA-3871-49DE-944D-86F284F00636}.Debug|x86.Build.0 = Debug|Any CPU
		{08FE19CA-3871-49DE-944D-86F284F00636}.Release|Any CPU.ActiveCfg = Release|Any CPU
		{08FE19CA-3871-49DE-944D-86F284F00636}.Release|Any CPU.Build.0 = Release|Any CPU
		{08FE19CA-3871-49DE-944D-86F284F00636}.Release|ARM.ActiveCfg = Release|Any CPU
		{08FE19CA-3871-49DE-944D-86F284F00636}.Release|ARM.Build.0 = Release|Any CPU
		{08FE19CA-3871-49DE-944D-86F284F00636}.Release|iPhone.ActiveCfg = Release|Any CPU
		{08FE19CA-3871-49DE-944D-86F284F00636}.Release|iPhone.Build.0 = Release|Any CPU
		{08FE19CA-3871-49DE-944D-86F284F00636}.Release|iPhoneSimulator.ActiveCfg = Release|Any CPU
		{08FE19CA-3871-49DE-944D-86F284F00636}.Release|iPhoneSimulator.Build.0 = Release|Any CPU
		{08FE19CA-3871-49DE-944D-86F284F00636}.Release|x64.ActiveCfg = Release|Any CPU
		{08FE19CA-3871-49DE-944D-86F284F00636}.Release|x64.Build.0 = Release|Any CPU
		{08FE19CA-3871-49DE-944D-86F284F00636}.Release|x86.ActiveCfg = Release|Any CPU
		{08FE19CA-3871-49DE-944D-86F284F00636}.Release|x86.Build.0 = Release|Any CPU
	EndGlobalSection
	GlobalSection(SolutionProperties) = preSolution
		HideSolutionNode = FALSE
	EndGlobalSection
	GlobalSection(ExtensibilityGlobals) = postSolution
		SolutionGuid = {D6740759-50DE-4C59-8493-5125A3772E76}
	EndGlobalSection
EndGlobal
